
Microsoft Visual Studio Solution File, Format Version 12.00
# Visual Studio 2013
VisualStudioVersion = 12.0.30501.0
MinimumVisualStudioVersion = 10.0.40219.1
Project("{FAE04EC0-301F-11D3-BF4B-00C04F79EFBC}") = "EventManagement.Tests", "EventManagement.Tests\EventManagement.Tests.csproj", "{C6699A3A-53EB-4993-961A-9670C33DDD73}"
EndProject
Project("{FAE04EC0-301F-11D3-BF4B-00C04F79EFBC}") = "EventManagement.Business.Services", "EventManagement.Business.Services\EventManagement.Business.Services.csproj", "{F8FB912D-0143-4AC1-8D3B-32E1D54B6184}"
EndProject
Project("{FAE04EC0-301F-11D3-BF4B-00C04F79EFBC}") = "EventManagement.Web", "EventManagement.Web\EventManagement.Web.csproj", "{EF216786-0B9F-4BCA-8DF0-ABCEC2155296}"
EndProject
Project("{FAE04EC0-301F-11D3-BF4B-00C04F79EFBC}") = "EventManagement.Business.Entities", "EventManagement.Business.Entities\EventManagement.Business.Entities.csproj", "{12533274-F9C4-4EEA-AF36-B383A18279BA}"
EndProject
Project("{FAE04EC0-301F-11D3-BF4B-00C04F79EFBC}") = "EventManagement.Data", "EventManagement.Data\EventManagement.Data.csproj", "{CB0DA397-93B5-4D7B-8C3C-FD6F1F09DB3E}"
EndProject
Global
	GlobalSection(SolutionConfigurationPlatforms) = preSolution
		Debug|Any CPU = Debug|Any CPU
		Release|Any CPU = Release|Any CPU
	EndGlobalSection
	GlobalSection(ProjectConfigurationPlatforms) = postSolution
		{C6699A3A-53EB-4993-961A-9670C33DDD73}.Debug|Any CPU.ActiveCfg = Debug|Any CPU
		{C6699A3A-53EB-4993-961A-9670C33DDD73}.Debug|Any CPU.Build.0 = Debug|Any CPU
		{C6699A3A-53EB-4993-961A-9670C33DDD73}.Release|Any CPU.ActiveCfg = Release|Any CPU
		{C6699A3A-53EB-4993-961A-9670C33DDD73}.Release|Any CPU.Build.0 = Release|Any CPU
		{F8FB912D-0143-4AC1-8D3B-32E1D54B6184}.Debug|Any CPU.ActiveCfg = Debug|Any CPU
		{F8FB912D-0143-4AC1-8D3B-32E1D54B6184}.Debug|Any CPU.Build.0 = Debug|Any CPU
		{F8FB912D-0143-4AC1-8D3B-32E1D54B6184}.Release|Any CPU.ActiveCfg = Release|Any CPU
		{F8FB912D-0143-4AC1-8D3B-32E1D54B6184}.Release|Any CPU.Build.0 = Release|Any CPU
		{EF216786-0B9F-4BCA-8DF0-ABCEC2155296}.Debug|Any CPU.ActiveCfg = Debug|Any CPU
		{EF216786-0B9F-4BCA-8DF0-ABCEC2155296}.Debug|Any CPU.Build.0 = Debug|Any CPU
		{EF216786-0B9F-4BCA-8DF0-ABCEC2155296}.Release|Any CPU.ActiveCfg = Release|Any CPU
		{EF216786-0B9F-4BCA-8DF0-ABCEC2155296}.Release|Any CPU.Build.0 = Release|Any CPU
		{12533274-F9C4-4EEA-AF36-B383A18279BA}.Debug|Any CPU.ActiveCfg = Debug|Any CPU
		{12533274-F9C4-4EEA-AF36-B383A18279BA}.Debug|Any CPU.Build.0 = Debug|Any CPU
		{12533274-F9C4-4EEA-AF36-B383A18279BA}.Release|Any CPU.ActiveCfg = Release|Any CPU
		{12533274-F9C4-4EEA-AF36-B383A18279BA}.Release|Any CPU.Build.0 = Release|Any CPU
		{CB0DA397-93B5-4D7B-8C3C-FD6F1F09DB3E}.Debug|Any CPU.ActiveCfg = Debug|Any CPU
		{CB0DA397-93B5-4D7B-8C3C-FD6F1F09DB3E}.Debug|Any CPU.Build.0 = Debug|Any CPU
		{CB0DA397-93B5-4D7B-8C3C-FD6F1F09DB3E}.Release|Any CPU.ActiveCfg = Release|Any CPU
		{CB0DA397-93B5-4D7B-8C3C-FD6F1F09DB3E}.Release|Any CPU.Build.0 = Release|Any CPU
	EndGlobalSection
	GlobalSection(SolutionProperties) = preSolution
		HideSolutionNode = FALSE
	EndGlobalSection
EndGlobal
